{
    "_readme": [
        "This file locks the dependencies of your project to a known state",
        "Read more about it at https://getcomposer.org/doc/01-basic-usage.md#composer-lock-the-lock-file",
        "This file is @generated automatically"
    ],
    "hash": "21976d27bd9679cfa9ee6a18c222e548",
    "content-hash": "d096cec09dfc8af649235a22a279baaa",
    "packages": [
        {
            "name": "eusonlito/laravel-packer",
            "version": "v2.1.1",
            "source": {
                "type": "git",
                "url": "https://github.com/eusonlito/laravel-Packer.git",
                "reference": "8cc7c1f0ab19945c2369100b859cfdd6c4e6a1e1"
            },
            "dist": {
                "type": "zip",
                "url": "https://api.github.com/repos/eusonlito/laravel-Packer/zipball/8cc7c1f0ab19945c2369100b859cfdd6c4e6a1e1",
                "reference": "8cc7c1f0ab19945c2369100b859cfdd6c4e6a1e1",
                "shasum": ""
            },
            "require": {
                "imagecow/imagecow": "2.1.*",
                "php": ">=5.5"
            },
            "require-dev": {
                "mikey179/vfsstream": "*",
                "phpunit/phpunit": "*"
            },
            "type": "library",
            "autoload": {
                "psr-4": {
                    "Eusonlito\\LaravelPacker\\": "src/Eusonlito/LaravelPacker/"
                },
                "classmap": [
                    "src/Eusonlito/LaravelPacker/Processors/"
                ],
                "files": [
                    "src/Eusonlito/LaravelPacker/Exceptions.php"
                ]
            },
            "notification-url": "https://packagist.org/downloads/",
            "license": [
                "MIT"
            ],
            "authors": [
                {
                    "name": "Lito",
                    "email": "lito@eordes.com"
                }
            ],
            "description": "A package for pack css and javascript files",
            "keywords": [
                "laravel",
                "minify",
                "packer"
            ],
            "time": "2016-05-13 12:34:05"
        },
        {
            "name": "imagecow/imagecow",
            "version": "v2.1.3",
            "source": {
                "type": "git",
                "url": "https://github.com/oscarotero/imagecow.git",
                "reference": "b99dd22a888e151e4a1f2b0dadd567b995f87647"
            },
            "dist": {
                "type": "zip",
                "url": "https://api.github.com/repos/oscarotero/imagecow/zipball/b99dd22a888e151e4a1f2b0dadd567b995f87647",
                "reference": "b99dd22a888e151e4a1f2b0dadd567b995f87647",
                "shasum": ""
            },
            "require": {
                "php": ">=5.5"
            },
            "type": "library",
            "autoload": {
                "psr-4": {
                    "Imagecow\\": "src"
                }
            },
            "notification-url": "https://packagist.org/downloads/",
            "license": [
                "MIT"
            ],
            "authors": [
                {
                    "name": "Oscar Otero",
                    "email": "oom@oscarotero.com",
                    "homepage": "http://oscarotero.com",
                    "role": "Developer"
                }
            ],
            "description": "PHP library to manipulate and generate responsive images",
            "homepage": "https://github.com/oscarotero/imagecow/",
            "keywords": [
                "image"
            ],
            "time": "2016-05-13 15:52:21"
        }
    ],
    "packages-dev": [],
    "aliases": [],
    "minimum-stability": "stable",
    "stability-flags": [],
    "prefer-stable": false,
    "prefer-lowest": false,
    "platform": {
        "php": ">=5.4"
    },
    "platform-dev": []
}
